
Microsoft Visual Studio Solution File, Format Version 12.00
# Visual Studio Version 17
VisualStudioVersion = 17.8.34525.116
MinimumVisualStudioVersion = 10.0.40219.1
Project("{FAE04EC0-301F-11D3-BF4B-00C04F79EFBC}") = "HRMS.API", "HRMS.API\HRMS.API.csproj", "{5BA3A5CF-B2C4-4FB1-82C1-7F40085770AA}"
EndProject
Project("{2150E333-8FDC-42A3-9474-1A3956D46DE8}") = "Solution Items", "Solution Items", "{C83A24B9-75C5-44D9-A83B-ED5C385940B0}"
	ProjectSection(SolutionItems) = preProject
		.editorconfig = .editorconfig
	EndProjectSection
EndProject
Project("{FAE04EC0-301F-11D3-BF4B-00C04F79EFBC}") = "HRMS.Domain", "HRMS.Domain\HRMS.Domain.csproj", "{32AE20CE-8FF6-480B-964F-E1FF66229052}"
EndProject
Project("{FAE04EC0-301F-11D3-BF4B-00C04F79EFBC}") = "HRMS.Data", "HRMS.Data\HRMS.Data.csproj", "{A0EFB84C-9F0A-4822-AD99-1644D78BEE1E}"
EndProject
Project("{FAE04EC0-301F-11D3-BF4B-00C04F79EFBC}") = "HRMS.Application", "HRMS.Application\HRMS.Application.csproj", "{4495FD23-7665-4044-876E-09C0E0C2EE15}"
EndProject
Global
	GlobalSection(SolutionConfigurationPlatforms) = preSolution
		Debug|Any CPU = Debug|Any CPU
		Release|Any CPU = Release|Any CPU
	EndGlobalSection
	GlobalSection(ProjectConfigurationPlatforms) = postSolution
		{5BA3A5CF-B2C4-4FB1-82C1-7F40085770AA}.Debug|Any CPU.ActiveCfg = Debug|Any CPU
		{5BA3A5CF-B2C4-4FB1-82C1-7F40085770AA}.Debug|Any CPU.Build.0 = Debug|Any CPU
		{5BA3A5CF-B2C4-4FB1-82C1-7F40085770AA}.Release|Any CPU.ActiveCfg = Release|Any CPU
		{5BA3A5CF-B2C4-4FB1-82C1-7F40085770AA}.Release|Any CPU.Build.0 = Release|Any CPU
		{32AE20CE-8FF6-480B-964F-E1FF66229052}.Debug|Any CPU.ActiveCfg = Debug|Any CPU
		{32AE20CE-8FF6-480B-964F-E1FF66229052}.Debug|Any CPU.Build.0 = Debug|Any CPU
		{32AE20CE-8FF6-480B-964F-E1FF66229052}.Release|Any CPU.ActiveCfg = Release|Any CPU
		{32AE20CE-8FF6-480B-964F-E1FF66229052}.Release|Any CPU.Build.0 = Release|Any CPU
		{A0EFB84C-9F0A-4822-AD99-1644D78BEE1E}.Debug|Any CPU.ActiveCfg = Debug|Any CPU
		{A0EFB84C-9F0A-4822-AD99-1644D78BEE1E}.Debug|Any CPU.Build.0 = Debug|Any CPU
		{A0EFB84C-9F0A-4822-AD99-1644D78BEE1E}.Release|Any CPU.ActiveCfg = Release|Any CPU
		{A0EFB84C-9F0A-4822-AD99-1644D78BEE1E}.Release|Any CPU.Build.0 = Release|Any CPU
		{4495FD23-7665-4044-876E-09C0E0C2EE15}.Debug|Any CPU.ActiveCfg = Debug|Any CPU
		{4495FD23-7665-4044-876E-09C0E0C2EE15}.Debug|Any CPU.Build.0 = Debug|Any CPU
		{4495FD23-7665-4044-876E-09C0E0C2EE15}.Release|Any CPU.ActiveCfg = Release|Any CPU
		{4495FD23-7665-4044-876E-09C0E0C2EE15}.Release|Any CPU.Build.0 = Release|Any CPU
	EndGlobalSection
	GlobalSection(SolutionProperties) = preSolution
		HideSolutionNode = FALSE
	EndGlobalSection
	GlobalSection(ExtensibilityGlobals) = postSolution
		SolutionGuid = {43250E0B-92F4-492B-98CF-CFFA995C1651}
	EndGlobalSection
EndGlobal
